# Release trigger 2: Next Home Lock 1.0.1 iOS 16 runtime hook fix.
name: Build and Publish Next Home Lock

on:
  workflow_dispatch:
  push:
    branches: [main]
    paths:
      - ".github/workflows/publish-nexthomelock.yml"

permissions:
  contents: write

concurrency:
  group: publish-nexthomelock-1.0.1
  cancel-in-progress: false

jobs:
  build-validate-publish:
    runs-on: macos-15
    timeout-minutes: 30

    steps:
      - name: Check out Sileo repository
        uses: actions/checkout@v4

      - name: Install build and repository tools
        run: brew install dpkg ldid xz zstd

      - name: Check out fixed tweak source
        env:
          SOURCE_COMMIT: 0d09f3a7e13f8649193189ae6e1ea43d4ac9d77c
        run: |
          git clone --no-checkout https://github.com/zeshan0727/NextSolution.git "$RUNNER_TEMP/NextSolution"
          git -C "$RUNNER_TEMP/NextSolution" checkout "$SOURCE_COMMIT"
          PROJECT="$RUNNER_TEMP/NextSolution/DailyTweaks/2026-07-30-NextHomeLock"
          test -f "$PROJECT/Tweak.xm"
          test -f "$PROJECT/NextHomeLock.plist"
          test -f "$PROJECT/control"
          grep -q '%hook SBRootFolderView' "$PROJECT/Tweak.xm"
          grep -q '^Version: 1.0.1$' "$PROJECT/control"

      - name: Build rootless package
        run: |
          git clone --recursive --depth 1 https://github.com/theos/theos.git "$RUNNER_TEMP/theos-rootless"
          export THEOS="$RUNNER_TEMP/theos-rootless"
          export THEOS_PACKAGE_SCHEME=rootless
          PROJECT="$RUNNER_TEMP/NextSolution/DailyTweaks/2026-07-30-NextHomeLock"
          rm -rf "$PROJECT/packages"
          make -C "$PROJECT" clean package FINALPACKAGE=1
          ROOTLESS_DEB="$(find "$PROJECT/packages" -type f -name '*_iphoneos-arm64.deb' -print -quit)"
          test -n "$ROOTLESS_DEB"
          mkdir -p debfiles
          cp "$ROOTLESS_DEB" debfiles/NextHomeLock_1.0.1_Rootless.deb

      - name: Build RootHide package
        run: |
          THEOS_COMMIT="88506b2c22e9e07dd4ed055f23c9e398a117a2c7"
          git init "$RUNNER_TEMP/theos-roothide"
          git -C "$RUNNER_TEMP/theos-roothide" remote add origin https://github.com/roothide/theos.git
          git -C "$RUNNER_TEMP/theos-roothide" fetch --depth 1 origin "$THEOS_COMMIT"
          git -C "$RUNNER_TEMP/theos-roothide" checkout --detach "$THEOS_COMMIT"
          git -C "$RUNNER_TEMP/theos-roothide" submodule update --init --recursive --depth 1

          PROJECT="$RUNNER_TEMP/NextSolution/DailyTweaks/2026-07-30-NextHomeLock"
          sed -i '' 's/^Architecture: iphoneos-arm64$/Architecture: iphoneos-arm64e/' "$PROJECT/control"
          export THEOS="$RUNNER_TEMP/theos-roothide"
          export THEOS_PACKAGE_SCHEME=roothide
          rm -rf "$PROJECT/packages"
          make -C "$PROJECT" clean package FINALPACKAGE=1
          ROOTHIDE_DEB="$(find "$PROJECT/packages" -type f -name '*_iphoneos-arm64e.deb' -print -quit)"
          test -n "$ROOTHIDE_DEB"
          cp "$ROOTHIDE_DEB" debfiles/NextHomeLock_1.0.1_RootHide.deb

      - name: Validate both packages
        shell: bash
        run: |
          set -euo pipefail

          validate_deb() {
            local package_path="$1"
            local expected_arch="$2"
            local extract_dir
            extract_dir="$(mktemp -d)"

            test "$(dpkg-deb -f "$package_path" Package)" = "com.nextsolution.nexthomelock"
            test "$(dpkg-deb -f "$package_path" Version)" = "1.0.1"
            test "$(dpkg-deb -f "$package_path" Architecture)" = "$expected_arch"
            dpkg-deb -f "$package_path" Depends | grep -q 'firmware (>= 15.0)'
            dpkg-deb -f "$package_path" Depends | grep -q 'mobilesubstrate'

            dpkg-deb -x "$package_path" "$extract_dir"
            local dylib
            local filter
            dylib="$(find "$extract_dir" -type f -name 'NextHomeLock.dylib' -print -quit)"
            filter="$(find "$extract_dir" -type f -name 'NextHomeLock.plist' -print -quit)"
            test -n "$dylib"
            test -n "$filter"
            file "$dylib" | grep -q 'arm64'
            grep -q 'com.apple.springboard' "$filter"
            strings "$dylib" | grep -q 'SBRootFolderView'
            strings "$dylib" | grep -q 'SBLockScreenManager'
            strings "$dylib" | grep -q 'SBSLockDevice'
            if strings "$dylib" | grep -q 'SBIconController'; then
              echo "Obsolete SBIconController hook remains in package" >&2
              exit 1
            fi
            rm -rf "$extract_dir"
          }

          validate_deb debfiles/NextHomeLock_1.0.1_Rootless.deb iphoneos-arm64
          validate_deb debfiles/NextHomeLock_1.0.1_RootHide.deb iphoneos-arm64e

          shasum -a 256 debfiles/NextHomeLock_1.0.1_Rootless.deb
          shasum -a 256 debfiles/NextHomeLock_1.0.1_RootHide.deb

      - name: Withdraw broken version 1.0.0
        run: |
          rm -f debfiles/NextHomeLock_1.0.0_Rootless.deb
          rm -f debfiles/NextHomeLock_1.0.0_RootHide.deb

      - name: Regenerate repository indexes
        run: |
          dpkg-scanpackages -m ./debfiles /dev/null | sed 's|^Filename: debfiles/|Filename: ./debfiles/|' > Packages
          test "$(grep -c '^Package: com.nextsolution.nexthomelock$' Packages)" -eq 2
          test "$(grep -c '^Version: 1.0.1$' Packages)" -ge 2
          test "$(grep -c 'NextHomeLock_1.0.0' Packages || true)" -eq 0
          gzip -9 -c Packages > Packages.gz
          bzip2 -9 -c Packages > Packages.bz2
          xz -9e -c Packages > Packages.xz
          zstd -19 -q -c Packages > Packages.zst

      - name: Commit verified fixed release
        run: |
          git config user.name "Next Solution Build Bot"
          git config user.email "actions@users.noreply.github.com"
          git add -A
          git diff --cached --check
          git commit -m "Fix Next Home Lock 1.0.1 for iOS 16 RootHide and rootless"
          git push
